<?xml version="1.0" encoding="utf-8"?>
<Project ToolsVersion="4.0" xmlns="http://schemas.microsoft.com/developer/msbuild/2003">
  <ItemGroup>
    <Filter Include="Header Files">
      <UniqueIdentifier>{93995380-89BD-4b04-88EB-625FBE52EBFB}</UniqueIdentifier>
      <Extensions>h;hpp;hxx;hm;inl;inc;xsd</Extensions>
    </Filter>
    <Filter Include="Resource Files">
      <UniqueIdentifier>{67DA6AB6-F800-4c08-8B7A-83BB121AAD01}</UniqueIdentifier>
      <Extensions>rc;ico;cur;bmp;dlg;rc2;rct;bin;rgs;gif;jpg;jpeg;jpe;resx;tiff;tif;png;wav</Extensions>
    </Filter>
    <Filter Include="Source Files">
      <UniqueIdentifier>{4FC737F1-C7A5-4376-A066-2A32D752A2FF}</UniqueIdentifier>
      <Extensions>cpp;c;cc;cxx;def;odl;idl;hpj;bat;asm;asmx</Extensions>
    </Filter>
    <Filter Include="Source Files\x86">
      <UniqueIdentifier>{f33a2965-91a0-46ec-bd30-d2453b19570f}</UniqueIdentifier>
    </Filter>
    <Filter Include="Source Files\x86\mmx">
      <UniqueIdentifier>{cfa84b5b-79c5-430f-be1b-52b2f1cba394}</UniqueIdentifier>
    </Filter>
    <Filter Include="Source Files\x86\sse">
      <UniqueIdentifier>{f790ca77-72ed-4cbb-b8e7-a2fd95f29d5a}</UniqueIdentifier>
    </Filter>
    <Filter Include="Source Files\x86\sse2">
      <UniqueIdentifier>{2dfcfcb3-7906-4d02-ad2d-c9a8ac090887}</UniqueIdentifier>
    </Filter>
    <Filter Include="Source Files\x86\sse3">
      <UniqueIdentifier>{b4dd0588-a517-463a-9210-39b723324449}</UniqueIdentifier>
    </Filter>
  </ItemGroup>
  <ItemGroup>
    <ClCompile Include="..\libaften\a52.c">
      <Filter>Source Files</Filter>
    </ClCompile>
    <ClCompile Include="..\libaften\a52enc.c">
      <Filter>Source Files</Filter>
    </ClCompile>
    <ClCompile Include="..\libaften\a52tab.c">
      <Filter>Source Files</Filter>
    </ClCompile>
    <ClCompile Include="..\libaften\bitalloc.c">
      <Filter>Source Files</Filter>
    </ClCompile>
    <ClCompile Include="..\libaften\bitio.c">
      <Filter>Source Files</Filter>
    </ClCompile>
    <ClCompile Include="..\libaften\convert.c">
      <Filter>Source Files</Filter>
    </ClCompile>
    <ClCompile Include="..\libaften\crc.c">
      <Filter>Source Files</Filter>
    </ClCompile>
    <ClCompile Include="..\libaften\dynrng.c">
      <Filter>Source Files</Filter>
    </ClCompile>
    <ClCompile Include="..\libaften\exponent.c">
      <Filter>Source Files</Filter>
    </ClCompile>
    <ClCompile Include="..\libaften\filter.c">
      <Filter>Source Files</Filter>
    </ClCompile>
    <ClCompile Include="..\libaften\mdct.c">
      <Filter>Source Files</Filter>
    </ClCompile>
    <ClCompile Include="..\libaften\util.c">
      <Filter>Source Files</Filter>
    </ClCompile>
    <ClCompile Include="..\libaften\window.c">
      <Filter>Source Files</Filter>
    </ClCompile>
    <ClCompile Include="..\libaften\x86\cpu_caps.c">
      <Filter>Source Files\x86</Filter>
    </ClCompile>
    <ClCompile Include="..\libaften\x86\exponent_mmx.c">
      <Filter>Source Files\x86\mmx</Filter>
    </ClCompile>
    <ClCompile Include="..\libaften\x86\exponent_sse2.c">
      <Filter>Source Files\x86\sse2</Filter>
    </ClCompile>
    <ClCompile Include="..\libaften\x86\mdct_common_sse.c">
      <Filter>Source Files\x86\sse</Filter>
    </ClCompile>
    <ClCompile Include="..\libaften\x86\mdct_sse.c">
      <Filter>Source Files\x86\sse</Filter>
    </ClCompile>
    <ClCompile Include="..\libaften\x86\mdct_sse3.c">
      <Filter>Source Files\x86\sse3</Filter>
    </ClCompile>
    <ClCompile Include="..\libaften\x86\window_sse.c">
      <Filter>Source Files\x86\sse</Filter>
    </ClCompile>
  </ItemGroup>
</Project>