<?xml version="1.0" encoding="utf-8"?>
<Project ToolsVersion="4.0" xmlns="http://schemas.microsoft.com/developer/msbuild/2003">
  <ItemGroup>
    <Filter Include="Header Files">
      <UniqueIdentifier>{93995380-89BD-4b04-88EB-625FBE52EBFB}</UniqueIdentifier>
      <Extensions>h;hpp;hxx;hm;inl;inc;xsd</Extensions>
    </Filter>
    <Filter Include="Resource Files">
      <UniqueIdentifier>{67DA6AB6-F800-4c08-8B7A-83BB121AAD01}</UniqueIdentifier>
      <Extensions>rc;ico;cur;bmp;dlg;rc2;rct;bin;rgs;gif;jpg;jpeg;jpe;resx;tiff;tif;png;wav</Extensions>
    </Filter>
    <Filter Include="Source Files">
      <UniqueIdentifier>{4FC737F1-C7A5-4376-A066-2A32D752A2FF}</UniqueIdentifier>
      <Extensions>cpp;c;cc;cxx;def;odl;idl;hpj;bat;asm;asmx</Extensions>
    </Filter>
    <Filter Include="Source Files\x86">
      <UniqueIdentifier>{6a3c076a-d343-4de5-85d4-85fadbb94618}</UniqueIdentifier>
    </Filter>
    <Filter Include="Source Files\x86\mmx">
      <UniqueIdentifier>{a902ddfe-03db-4dcd-aca2-333e09527705}</UniqueIdentifier>
    </Filter>
    <Filter Include="Source Files\x86\sse">
      <UniqueIdentifier>{bdeed347-9648-43e0-aa37-c8c053287155}</UniqueIdentifier>
    </Filter>
    <Filter Include="Source Files\x86\sse2">
      <UniqueIdentifier>{68c1175f-aaf7-4a3d-9589-ba3d1ec8311b}</UniqueIdentifier>
    </Filter>
    <Filter Include="Source Files\x86\sse3">
      <UniqueIdentifier>{004fb1bb-d45e-4075-865f-06bbe18517fe}</UniqueIdentifier>
    </Filter>
  </ItemGroup>
  <ItemGroup>
    <ClCompile Include="..\libaften\a52.c">
      <Filter>Source Files</Filter>
    </ClCompile>
    <ClCompile Include="..\libaften\a52enc.c">
      <Filter>Source Files</Filter>
    </ClCompile>
    <ClCompile Include="..\libaften\a52tab.c">
      <Filter>Source Files</Filter>
    </ClCompile>
    <ClCompile Include="..\libaften\bitalloc.c">
      <Filter>Source Files</Filter>
    </ClCompile>
    <ClCompile Include="..\libaften\bitio.c">
      <Filter>Source Files</Filter>
    </ClCompile>
    <ClCompile Include="..\libaften\convert.c">
      <Filter>Source Files</Filter>
    </ClCompile>
    <ClCompile Include="..\libaften\crc.c">
      <Filter>Source Files</Filter>
    </ClCompile>
    <ClCompile Include="..\libaften\dynrng.c">
      <Filter>Source Files</Filter>
    </ClCompile>
    <ClCompile Include="..\libaften\exponent.c">
      <Filter>Source Files</Filter>
    </ClCompile>
    <ClCompile Include="..\libaften\filter.c">
      <Filter>Source Files</Filter>
    </ClCompile>
    <ClCompile Include="..\libaften\mdct.c">
      <Filter>Source Files</Filter>
    </ClCompile>
    <ClCompile Include="..\libaften\util.c">
      <Filter>Source Files</Filter>
    </ClCompile>
    <ClCompile Include="..\libaften\window.c">
      <Filter>Source Files</Filter>
    </ClCompile>
    <ClCompile Include="..\libaften\x86\cpu_caps.c">
      <Filter>Source Files\x86</Filter>
    </ClCompile>
    <ClCompile Include="..\libaften\x86\exponent_mmx.c">
      <Filter>Source Files\x86\mmx</Filter>
    </ClCompile>
    <ClCompile Include="..\libaften\x86\exponent_sse2.c">
      <Filter>Source Files\x86\sse2</Filter>
    </ClCompile>
    <ClCompile Include="..\libaften\x86\mdct_common_sse.c">
      <Filter>Source Files\x86\sse</Filter>
    </ClCompile>
    <ClCompile Include="..\libaften\x86\mdct_sse.c">
      <Filter>Source Files\x86\sse</Filter>
    </ClCompile>
    <ClCompile Include="..\libaften\x86\mdct_sse3.c">
      <Filter>Source Files\x86\sse3</Filter>
    </ClCompile>
    <ClCompile Include="..\libaften\x86\window_sse.c">
      <Filter>Source Files\x86\sse</Filter>
    </ClCompile>
  </ItemGroup>
</Project>